
Microsoft Visual Studio Solution File, Format Version 12.00
# Visual Studio Version 16
VisualStudioVersion = 16.0.30611.23
MinimumVisualStudioVersion = 10.0.40219.1
Project("{9A19103F-16F7-4668-BE54-9A1E7A4F7556}") = "Task1Tests_TP", "Task1Tests_TP\Task1Tests_TP.csproj", "{CE33CD0F-0414-4A96-A39B-A8650998DCCF}"
EndProject
Project("{9A19103F-16F7-4668-BE54-9A1E7A4F7556}") = "Task1_TP", "Task1_TP\Task1_TP.csproj", "{AA955F85-1BD0-4CDA-86BA-3078E9DD4910}"
EndProject
Project("{FAE04EC0-301F-11D3-BF4B-00C04F79EFBC}") = "ConsoleApp1", "ConsoleApp1\ConsoleApp1.csproj", "{01DBF29D-AAE5-4F10-85D1-AF5F5ECCFA52}"
EndProject
Global
	GlobalSection(SolutionConfigurationPlatforms) = preSolution
		Debug|Any CPU = Debug|Any CPU
		Release|Any CPU = Release|Any CPU
	EndGlobalSection
	GlobalSection(ProjectConfigurationPlatforms) = postSolution
		{CE33CD0F-0414-4A96-A39B-A8650998DCCF}.Debug|Any CPU.ActiveCfg = Debug|Any CPU
		{CE33CD0F-0414-4A96-A39B-A8650998DCCF}.Debug|Any CPU.Build.0 = Debug|Any CPU
		{CE33CD0F-0414-4A96-A39B-A8650998DCCF}.Release|Any CPU.ActiveCfg = Release|Any CPU
		{CE33CD0F-0414-4A96-A39B-A8650998DCCF}.Release|Any CPU.Build.0 = Release|Any CPU
		{AA955F85-1BD0-4CDA-86BA-3078E9DD4910}.Debug|Any CPU.ActiveCfg = Debug|Any CPU
		{AA955F85-1BD0-4CDA-86BA-3078E9DD4910}.Debug|Any CPU.Build.0 = Debug|Any CPU
		{AA955F85-1BD0-4CDA-86BA-3078E9DD4910}.Release|Any CPU.ActiveCfg = Release|Any CPU
		{AA955F85-1BD0-4CDA-86BA-3078E9DD4910}.Release|Any CPU.Build.0 = Release|Any CPU
		{01DBF29D-AAE5-4F10-85D1-AF5F5ECCFA52}.Debug|Any CPU.ActiveCfg = Debug|Any CPU
		{01DBF29D-AAE5-4F10-85D1-AF5F5ECCFA52}.Debug|Any CPU.Build.0 = Debug|Any CPU
		{01DBF29D-AAE5-4F10-85D1-AF5F5ECCFA52}.Release|Any CPU.ActiveCfg = Release|Any CPU
		{01DBF29D-AAE5-4F10-85D1-AF5F5ECCFA52}.Release|Any CPU.Build.0 = Release|Any CPU
	EndGlobalSection
	GlobalSection(SolutionProperties) = preSolution
		HideSolutionNode = FALSE
	EndGlobalSection
	GlobalSection(ExtensibilityGlobals) = postSolution
		SolutionGuid = {8BC774CB-2967-41E4-9A91-A798A2F4DD2C}
	EndGlobalSection
EndGlobal
