
Microsoft Visual Studio Solution File, Format Version 12.00
# Visual Studio Version 16
VisualStudioVersion = 16.0.30804.86
MinimumVisualStudioVersion = 10.0.40219.1
Project("{9A19103F-16F7-4668-BE54-9A1E7A4F7556}") = "ViewModel", "ViewModel\ViewModel.csproj", "{7D317EF2-9193-4091-816F-964844703EEF}"
EndProject
Project("{FAE04EC0-301F-11D3-BF4B-00C04F79EFBC}") = "Data", "Data\Data.csproj", "{46A4C568-7362-46D4-A757-462D10D32AEA}"
EndProject
Project("{FAE04EC0-301F-11D3-BF4B-00C04F79EFBC}") = "Logic", "Logic\Logic.csproj", "{E44E8109-0877-4CD3-9C50-E7650C5AA640}"
EndProject
Project("{FAE04EC0-301F-11D3-BF4B-00C04F79EFBC}") = "View", "View\View.csproj", "{0125FC9C-22CF-4D4E-9A6E-EA654C6EAABE}"
EndProject
Project("{FAE04EC0-301F-11D3-BF4B-00C04F79EFBC}") = "Model", "Model\Model.csproj", "{A160E632-97F4-434E-A3D3-A1496A8EC8D2}"
EndProject
Project("{FAE04EC0-301F-11D3-BF4B-00C04F79EFBC}") = "ModelTest", "ModelTest\ModelTest.csproj", "{F1C1E4D4-3D5F-4B77-8C47-AAD90889B4FC}"
EndProject
Global
	GlobalSection(SolutionConfigurationPlatforms) = preSolution
		Debug|Any CPU = Debug|Any CPU
		Release|Any CPU = Release|Any CPU
	EndGlobalSection
	GlobalSection(ProjectConfigurationPlatforms) = postSolution
		{7D317EF2-9193-4091-816F-964844703EEF}.Debug|Any CPU.ActiveCfg = Debug|Any CPU
		{7D317EF2-9193-4091-816F-964844703EEF}.Debug|Any CPU.Build.0 = Debug|Any CPU
		{7D317EF2-9193-4091-816F-964844703EEF}.Release|Any CPU.ActiveCfg = Release|Any CPU
		{7D317EF2-9193-4091-816F-964844703EEF}.Release|Any CPU.Build.0 = Release|Any CPU
		{46A4C568-7362-46D4-A757-462D10D32AEA}.Debug|Any CPU.ActiveCfg = Debug|Any CPU
		{46A4C568-7362-46D4-A757-462D10D32AEA}.Debug|Any CPU.Build.0 = Debug|Any CPU
		{46A4C568-7362-46D4-A757-462D10D32AEA}.Release|Any CPU.ActiveCfg = Release|Any CPU
		{46A4C568-7362-46D4-A757-462D10D32AEA}.Release|Any CPU.Build.0 = Release|Any CPU
		{E44E8109-0877-4CD3-9C50-E7650C5AA640}.Debug|Any CPU.ActiveCfg = Debug|Any CPU
		{E44E8109-0877-4CD3-9C50-E7650C5AA640}.Debug|Any CPU.Build.0 = Debug|Any CPU
		{E44E8109-0877-4CD3-9C50-E7650C5AA640}.Release|Any CPU.ActiveCfg = Release|Any CPU
		{E44E8109-0877-4CD3-9C50-E7650C5AA640}.Release|Any CPU.Build.0 = Release|Any CPU
		{0125FC9C-22CF-4D4E-9A6E-EA654C6EAABE}.Debug|Any CPU.ActiveCfg = Debug|Any CPU
		{0125FC9C-22CF-4D4E-9A6E-EA654C6EAABE}.Debug|Any CPU.Build.0 = Debug|Any CPU
		{0125FC9C-22CF-4D4E-9A6E-EA654C6EAABE}.Release|Any CPU.ActiveCfg = Release|Any CPU
		{0125FC9C-22CF-4D4E-9A6E-EA654C6EAABE}.Release|Any CPU.Build.0 = Release|Any CPU
		{A160E632-97F4-434E-A3D3-A1496A8EC8D2}.Debug|Any CPU.ActiveCfg = Debug|Any CPU
		{A160E632-97F4-434E-A3D3-A1496A8EC8D2}.Debug|Any CPU.Build.0 = Debug|Any CPU
		{A160E632-97F4-434E-A3D3-A1496A8EC8D2}.Release|Any CPU.ActiveCfg = Release|Any CPU
		{A160E632-97F4-434E-A3D3-A1496A8EC8D2}.Release|Any CPU.Build.0 = Release|Any CPU
		{F1C1E4D4-3D5F-4B77-8C47-AAD90889B4FC}.Debug|Any CPU.ActiveCfg = Debug|Any CPU
		{F1C1E4D4-3D5F-4B77-8C47-AAD90889B4FC}.Debug|Any CPU.Build.0 = Debug|Any CPU
		{F1C1E4D4-3D5F-4B77-8C47-AAD90889B4FC}.Release|Any CPU.ActiveCfg = Release|Any CPU
		{F1C1E4D4-3D5F-4B77-8C47-AAD90889B4FC}.Release|Any CPU.Build.0 = Release|Any CPU
	EndGlobalSection
	GlobalSection(SolutionProperties) = preSolution
		HideSolutionNode = FALSE
	EndGlobalSection
	GlobalSection(ExtensibilityGlobals) = postSolution
		SolutionGuid = {E7A054BD-5A1E-4B67-8438-0659483567AC}
	EndGlobalSection
EndGlobal
