
Microsoft Visual Studio Solution File, Format Version 12.00
# Visual Studio Version 16
VisualStudioVersion = 16.0.30804.86
MinimumVisualStudioVersion = 10.0.40219.1
Project("{9A19103F-16F7-4668-BE54-9A1E7A4F7556}") = "Model", "Model\Model.csproj", "{E155BB5D-9342-41C2-9464-8D8E71B9ABDD}"
EndProject
Project("{9A19103F-16F7-4668-BE54-9A1E7A4F7556}") = "ViewModel", "ViewModel\ViewModel.csproj", "{7D317EF2-9193-4091-816F-964844703EEF}"
EndProject
Project("{FAE04EC0-301F-11D3-BF4B-00C04F79EFBC}") = "Data", "Data\Data.csproj", "{46A4C568-7362-46D4-A757-462D10D32AEA}"
EndProject
Project("{FAE04EC0-301F-11D3-BF4B-00C04F79EFBC}") = "Logic", "Logic\Logic.csproj", "{28D94C98-01A7-46DD-B638-0364B1774DD5}"
EndProject
Global
	GlobalSection(SolutionConfigurationPlatforms) = preSolution
		Debug|Any CPU = Debug|Any CPU
		Release|Any CPU = Release|Any CPU
	EndGlobalSection
	GlobalSection(ProjectConfigurationPlatforms) = postSolution
		{E155BB5D-9342-41C2-9464-8D8E71B9ABDD}.Debug|Any CPU.ActiveCfg = Debug|Any CPU
		{E155BB5D-9342-41C2-9464-8D8E71B9ABDD}.Debug|Any CPU.Build.0 = Debug|Any CPU
		{E155BB5D-9342-41C2-9464-8D8E71B9ABDD}.Release|Any CPU.ActiveCfg = Release|Any CPU
		{E155BB5D-9342-41C2-9464-8D8E71B9ABDD}.Release|Any CPU.Build.0 = Release|Any CPU
		{7D317EF2-9193-4091-816F-964844703EEF}.Debug|Any CPU.ActiveCfg = Debug|Any CPU
		{7D317EF2-9193-4091-816F-964844703EEF}.Debug|Any CPU.Build.0 = Debug|Any CPU
		{7D317EF2-9193-4091-816F-964844703EEF}.Release|Any CPU.ActiveCfg = Release|Any CPU
		{7D317EF2-9193-4091-816F-964844703EEF}.Release|Any CPU.Build.0 = Release|Any CPU
		{46A4C568-7362-46D4-A757-462D10D32AEA}.Debug|Any CPU.ActiveCfg = Debug|Any CPU
		{46A4C568-7362-46D4-A757-462D10D32AEA}.Debug|Any CPU.Build.0 = Debug|Any CPU
		{46A4C568-7362-46D4-A757-462D10D32AEA}.Release|Any CPU.ActiveCfg = Release|Any CPU
		{46A4C568-7362-46D4-A757-462D10D32AEA}.Release|Any CPU.Build.0 = Release|Any CPU
		{28D94C98-01A7-46DD-B638-0364B1774DD5}.Debug|Any CPU.ActiveCfg = Debug|Any CPU
		{28D94C98-01A7-46DD-B638-0364B1774DD5}.Debug|Any CPU.Build.0 = Debug|Any CPU
		{28D94C98-01A7-46DD-B638-0364B1774DD5}.Release|Any CPU.ActiveCfg = Release|Any CPU
		{28D94C98-01A7-46DD-B638-0364B1774DD5}.Release|Any CPU.Build.0 = Release|Any CPU
	EndGlobalSection
	GlobalSection(SolutionProperties) = preSolution
		HideSolutionNode = FALSE
	EndGlobalSection
	GlobalSection(ExtensibilityGlobals) = postSolution
		SolutionGuid = {E7A054BD-5A1E-4B67-8438-0659483567AC}
	EndGlobalSection
EndGlobal
